Microsoft Visual Studio Solution File, Format Version 12.00
# Visual Studio Version 17
VisualStudioVersion = 17.5.2.0
MinimumVisualStudioVersion = 10.0.40219.1
Project("{2150E333-8FDC-42A3-9474-1A3956D46DE8}") = "api", "api", "{D82C56D6-B2CD-F611-9E31-04638F7EC30E}"
EndProject
Project("{2150E333-8FDC-42A3-9474-1A3956D46DE8}") = "src", "src", "{7218997D-3624-D017-E052-9D306D24EF0B}"
EndProject
Project("{FAE04EC0-301F-11D3-BF4B-00C04F79EFBC}") = "Employees.Api", "api\src\Employees.Api\Employees.Api.csproj", "{B0CA9FC4-1B25-CBF1-D873-EAEA724C10F5}"
EndProject
Global
	GlobalSection(SolutionConfigurationPlatforms) = preSolution
		Debug|Any CPU = Debug|Any CPU
		Release|Any CPU = Release|Any CPU
	EndGlobalSection
	GlobalSection(ProjectConfigurationPlatforms) = postSolution
		{B0CA9FC4-1B25-CBF1-D873-EAEA724C10F5}.Debug|Any CPU.ActiveCfg = Debug|Any CPU
		{B0CA9FC4-1B25-CBF1-D873-EAEA724C10F5}.Debug|Any CPU.Build.0 = Debug|Any CPU
		{B0CA9FC4-1B25-CBF1-D873-EAEA724C10F5}.Release|Any CPU.ActiveCfg = Release|Any CPU
		{B0CA9FC4-1B25-CBF1-D873-EAEA724C10F5}.Release|Any CPU.Build.0 = Release|Any CPU
	EndGlobalSection
	GlobalSection(SolutionProperties) = preSolution
		HideSolutionNode = FALSE
	EndGlobalSection
	GlobalSection(NestedProjects) = preSolution
		{7218997D-3624-D017-E052-9D306D24EF0B} = {D82C56D6-B2CD-F611-9E31-04638F7EC30E}
		{B0CA9FC4-1B25-CBF1-D873-EAEA724C10F5} = {7218997D-3624-D017-E052-9D306D24EF0B}
	EndGlobalSection
	GlobalSection(ExtensibilityGlobals) = postSolution
		SolutionGuid = {DC79A6A9-16F2-4FF5-A59F-BDD614BB2FB0}
	EndGlobalSection
EndGlobal
